
Microsoft Visual Studio Solution File, Format Version 12.00
# Visual Studio Version 17
VisualStudioVersion = 17.9.34723.18
MinimumVisualStudioVersion = 10.0.40219.1
Project("{2150E333-8FDC-42A3-9474-1A3956D46DE8}") = "Bootstrapper", "Bootstrapper", "{F49634ED-8978-40D6-B8F7-DCE40B1B0185}"
EndProject
Project("{2150E333-8FDC-42A3-9474-1A3956D46DE8}") = "Modules", "Modules", "{CD7A8662-4001-46AF-88F6-86A86A4F5E30}"
EndProject
Project("{2150E333-8FDC-42A3-9474-1A3956D46DE8}") = "Shared", "Shared", "{E4A9238E-A23F-42B7-AA93-019F069245A6}"
EndProject
Project("{9A19103F-16F7-4668-BE54-9A1E7A4F7556}") = "Api", "Bootstrapper\Api\Api.csproj", "{F934AE2A-5869-40A4-BE77-A2CCD5515779}"
EndProject
Project("{2150E333-8FDC-42A3-9474-1A3956D46DE8}") = "Ordering", "Ordering", "{906AEAEA-A5F6-4A0A-95C1-76110B6ECC56}"
EndProject
Project("{2150E333-8FDC-42A3-9474-1A3956D46DE8}") = "Basket", "Basket", "{1D7C0BF5-6ED4-4B37-8CA1-D622E811469C}"
EndProject
Project("{2150E333-8FDC-42A3-9474-1A3956D46DE8}") = "Catalog", "Catalog", "{D1787391-5BFB-4954-9D09-1436D019CC0E}"
EndProject
Project("{9A19103F-16F7-4668-BE54-9A1E7A4F7556}") = "Catalog", "Modules\Catalog\Catalog\Catalog.csproj", "{C47329C2-3556-4C7C-96B4-201B14EE1D3B}"
EndProject
Project("{9A19103F-16F7-4668-BE54-9A1E7A4F7556}") = "Basket", "Modules\Basket\Basket\Basket.csproj", "{A6DC5E2D-532A-42A4-B657-33C406EF818E}"
EndProject
Project("{9A19103F-16F7-4668-BE54-9A1E7A4F7556}") = "Ordering", "Modules\Ordering\Ordering\Ordering.csproj", "{E3D29307-9A15-4857-A7DC-7957CC5EF050}"
EndProject
Project("{9A19103F-16F7-4668-BE54-9A1E7A4F7556}") = "Shared", "Shared\Shared\Shared.csproj", "{02606FB9-28CD-44E6-A2D8-6D2DB0F441F9}"
EndProject
Project("{E53339B2-1760-4266-BCC7-CA923CBCF16C}") = "docker-compose", "docker-compose.dcproj", "{AF98C081-D9C2-4D0A-8384-C3B1114999A9}"
EndProject
Global
	GlobalSection(SolutionConfigurationPlatforms) = preSolution
		Debug|Any CPU = Debug|Any CPU
		Release|Any CPU = Release|Any CPU
	EndGlobalSection
	GlobalSection(ProjectConfigurationPlatforms) = postSolution
		{F934AE2A-5869-40A4-BE77-A2CCD5515779}.Debug|Any CPU.ActiveCfg = Debug|Any CPU
		{F934AE2A-5869-40A4-BE77-A2CCD5515779}.Debug|Any CPU.Build.0 = Debug|Any CPU
		{F934AE2A-5869-40A4-BE77-A2CCD5515779}.Release|Any CPU.ActiveCfg = Release|Any CPU
		{F934AE2A-5869-40A4-BE77-A2CCD5515779}.Release|Any CPU.Build.0 = Release|Any CPU
		{C47329C2-3556-4C7C-96B4-201B14EE1D3B}.Debug|Any CPU.ActiveCfg = Debug|Any CPU
		{C47329C2-3556-4C7C-96B4-201B14EE1D3B}.Debug|Any CPU.Build.0 = Debug|Any CPU
		{C47329C2-3556-4C7C-96B4-201B14EE1D3B}.Release|Any CPU.ActiveCfg = Release|Any CPU
		{C47329C2-3556-4C7C-96B4-201B14EE1D3B}.Release|Any CPU.Build.0 = Release|Any CPU
		{A6DC5E2D-532A-42A4-B657-33C406EF818E}.Debug|Any CPU.ActiveCfg = Debug|Any CPU
		{A6DC5E2D-532A-42A4-B657-33C406EF818E}.Debug|Any CPU.Build.0 = Debug|Any CPU
		{A6DC5E2D-532A-42A4-B657-33C406EF818E}.Release|Any CPU.ActiveCfg = Release|Any CPU
		{A6DC5E2D-532A-42A4-B657-33C406EF818E}.Release|Any CPU.Build.0 = Release|Any CPU
		{E3D29307-9A15-4857-A7DC-7957CC5EF050}.Debug|Any CPU.ActiveCfg = Debug|Any CPU
		{E3D29307-9A15-4857-A7DC-7957CC5EF050}.Debug|Any CPU.Build.0 = Debug|Any CPU
		{E3D29307-9A15-4857-A7DC-7957CC5EF050}.Release|Any CPU.ActiveCfg = Release|Any CPU
		{E3D29307-9A15-4857-A7DC-7957CC5EF050}.Release|Any CPU.Build.0 = Release|Any CPU
		{02606FB9-28CD-44E6-A2D8-6D2DB0F441F9}.Debug|Any CPU.ActiveCfg = Debug|Any CPU
		{02606FB9-28CD-44E6-A2D8-6D2DB0F441F9}.Debug|Any CPU.Build.0 = Debug|Any CPU
		{02606FB9-28CD-44E6-A2D8-6D2DB0F441F9}.Release|Any CPU.ActiveCfg = Release|Any CPU
		{02606FB9-28CD-44E6-A2D8-6D2DB0F441F9}.Release|Any CPU.Build.0 = Release|Any CPU
		{AF98C081-D9C2-4D0A-8384-C3B1114999A9}.Debug|Any CPU.ActiveCfg = Debug|Any CPU
		{AF98C081-D9C2-4D0A-8384-C3B1114999A9}.Debug|Any CPU.Build.0 = Debug|Any CPU
		{AF98C081-D9C2-4D0A-8384-C3B1114999A9}.Release|Any CPU.ActiveCfg = Release|Any CPU
		{AF98C081-D9C2-4D0A-8384-C3B1114999A9}.Release|Any CPU.Build.0 = Release|Any CPU
	EndGlobalSection
	GlobalSection(SolutionProperties) = preSolution
		HideSolutionNode = FALSE
	EndGlobalSection
	GlobalSection(NestedProjects) = preSolution
		{F934AE2A-5869-40A4-BE77-A2CCD5515779} = {F49634ED-8978-40D6-B8F7-DCE40B1B0185}
		{906AEAEA-A5F6-4A0A-95C1-76110B6ECC56} = {CD7A8662-4001-46AF-88F6-86A86A4F5E30}
		{1D7C0BF5-6ED4-4B37-8CA1-D622E811469C} = {CD7A8662-4001-46AF-88F6-86A86A4F5E30}
		{D1787391-5BFB-4954-9D09-1436D019CC0E} = {CD7A8662-4001-46AF-88F6-86A86A4F5E30}
		{C47329C2-3556-4C7C-96B4-201B14EE1D3B} = {D1787391-5BFB-4954-9D09-1436D019CC0E}
		{A6DC5E2D-532A-42A4-B657-33C406EF818E} = {1D7C0BF5-6ED4-4B37-8CA1-D622E811469C}
		{E3D29307-9A15-4857-A7DC-7957CC5EF050} = {906AEAEA-A5F6-4A0A-95C1-76110B6ECC56}
		{02606FB9-28CD-44E6-A2D8-6D2DB0F441F9} = {E4A9238E-A23F-42B7-AA93-019F069245A6}
	EndGlobalSection
	GlobalSection(ExtensibilityGlobals) = postSolution
		SolutionGuid = {ECDBF2E3-2B04-46D0-9768-D312E6EDAA0C}
	EndGlobalSection
EndGlobal
